{
  "name": "workspace",
  "version": "1.0.0",
  "lockfileVersion": 3,
  "requires": true,
  "packages": {
    "": {
      "name": "workspace",
      "version": "1.0.0",
      "license": "ISC",
      "dependencies": {
        "npm-package-arg": "^13.0.1"
      }
    },
    "node_modules/hosted-git-info": {
      "version": "9.0.2",
      "resolved": "https://registry.npmjs.org/hosted-git-info/-/hosted-git-info-9.0.2.tgz",
      "integrity": "sha512-M422h7o/BR3rmCQ8UHi7cyyMqKltdP9Uo+J2fXK+RSAY+wTcKOIRyhTuKv4qn+DJf3g+PL890AzId5KZpX+CBg==",
      "license": "ISC",
      "dependencies": {
        "lru-cache": "^11.1.0"
      },
      "engines": {
        "node": "^20.17.0 || >=22.9.0"
      }
    },
    "node_modules/lru-cache": {
      "version": "11.2.2",
      "resolved": "https://registry.npmjs.org/lru-cache/-/lru-cache-11.2.2.tgz",
      "integrity": "sha512-F9ODfyqML2coTIsQpSkRHnLSZMtkU8Q+mSfcaIyKwy58u+8k5nvAYeiNhsyMARvzNcXJ9QfWVrcPsC9e9rAxtg==",
      "license": "ISC",
      "engines": {
        "node": "20 || >=22"
      }
    },
    "node_modules/npm-package-arg": {
      "version": "13.0.1",
      "resolved": "https://registry.npmjs.org/npm-package-arg/-/npm-package-arg-13.0.1.tgz",
      "integrity": "sha512-6zqls5xFvJbgFjB1B2U6yITtyGBjDBORB7suI4zA4T/sZ1OmkMFlaQSNB/4K0LtXNA1t4OprAFxPisadK5O2ag==",
      "license": "ISC",
      "dependencies": {
        "hosted-git-info": "^9.0.0",
        "proc-log": "^5.0.0",
        "semver": "^7.3.5",
        "validate-npm-package-name": "^6.0.0"
      },
      "engines": {
        "node": "^20.17.0 || >=22.9.0"
      }
    },
    "node_modules/proc-log": {
      "version": "5.0.0",
      "resolved": "https://registry.npmjs.org/proc-log/-/proc-log-5.0.0.tgz",
      "integrity": "sha512-Azwzvl90HaF0aCz1JrDdXQykFakSSNPaPoiZ9fm5qJIMHioDZEi7OAdRwSm6rSoPtY3Qutnm3L7ogmg3dc+wbQ==",
      "license": "ISC",
      "engines": {
        "node": "^18.17.0 || >=20.5.0"
      }
    },
    "node_modules/semver": {
      "version": "7.7.3",
      "resolved": "https://registry.npmjs.org/semver/-/semver-7.7.3.tgz",
      "integrity": "sha512-SdsKMrI9TdgjdweUSR9MweHA4EJ8YxHn8DFaDisvhVlUOe4BF1tLD7GAj0lIqWVl+dPb/rExr0Btby5loQm20Q==",
      "license": "ISC",
      "bin": {
        "semver": "bin/semver.js"
      },
      "engines": {
        "node": ">=10"
      }
    },
    "node_modules/validate-npm-package-name": {
      "version": "6.0.2",
      "resolved": "https://registry.npmjs.org/validate-npm-package-name/-/validate-npm-package-name-6.0.2.tgz",
      "integrity": "sha512-IUoow1YUtvoBBC06dXs8bR8B9vuA3aJfmQNKMoaPG/OFsPmoQvw8xh+6Ye25Gx9DQhoEom3Pcu9MKHerm/NpUQ==",
      "license": "ISC",
      "engines": {
        "node": "^18.17.0 || >=20.5.0"
      }
    }
  }
}
